
Microsoft Visual Studio Solution File, Format Version 12.00
# Visual Studio 2017
Project("{FAE04EC0-301F-11D3-BF4B-00C04F79EFBC}") = "myApp", "myApp.csproj", "{CA67A0CB-C380-4795-9A8F-D322C103FDE6}"
EndProject
Global
	GlobalSection(SolutionConfigurationPlatforms) = preSolution
		Debug|Any CPU = Debug|Any CPU
		Release|Any CPU = Release|Any CPU
	EndGlobalSection
	GlobalSection(ProjectConfigurationPlatforms) = postSolution
		{CA67A0CB-C380-4795-9A8F-D322C103FDE6}.Debug|Any CPU.ActiveCfg = Debug|Any CPU
		{CA67A0CB-C380-4795-9A8F-D322C103FDE6}.Debug|Any CPU.Build.0 = Debug|Any CPU
		{CA67A0CB-C380-4795-9A8F-D322C103FDE6}.Release|Any CPU.ActiveCfg = Release|Any CPU
		{CA67A0CB-C380-4795-9A8F-D322C103FDE6}.Release|Any CPU.Build.0 = Release|Any CPU
	EndGlobalSection
	GlobalSection(MonoDevelopProperties) = preSolution
		Policies = $0
		$0.VersionControlPolicy = $1
	EndGlobalSection
EndGlobal
